
Microsoft Visual Studio Solution File, Format Version 12.00
# Visual Studio 15
VisualStudioVersion = 15.0.26430.14
MinimumVisualStudioVersion = 10.0.40219.1
Project("{FAE04EC0-301F-11D3-BF4B-00C04F79EFBC}") = "DroneLander.Android", "DroneLander\DroneLander.Android\DroneLander.Android.csproj", "{4A468284-846A-4E1A-96A4-67250156F375}"
EndProject
Project("{FAE04EC0-301F-11D3-BF4B-00C04F79EFBC}") = "DroneLander", "DroneLander\DroneLander\DroneLander.csproj", "{245224DF-D113-4E29-8B42-451172B8CEB7}"
EndProject
Project("{FAE04EC0-301F-11D3-BF4B-00C04F79EFBC}") = "DroneLander.iOS", "DroneLander\DroneLander.iOS\DroneLander.iOS.csproj", "{F2445EEC-18B0-4349-8A77-CC7DDD726120}"
EndProject
Global
	GlobalSection(SolutionConfigurationPlatforms) = preSolution
		Ad-Hoc|Any CPU = Ad-Hoc|Any CPU
		Ad-Hoc|iPhone = Ad-Hoc|iPhone
		Ad-Hoc|iPhoneSimulator = Ad-Hoc|iPhoneSimulator
		AppStore|Any CPU = AppStore|Any CPU
		AppStore|iPhone = AppStore|iPhone
		AppStore|iPhoneSimulator = AppStore|iPhoneSimulator
		Debug|Any CPU = Debug|Any CPU
		Debug|iPhone = Debug|iPhone
		Debug|iPhoneSimulator = Debug|iPhoneSimulator
		Release|Any CPU = Release|Any CPU
		Release|iPhone = Release|iPhone
		Release|iPhoneSimulator = Release|iPhoneSimulator
	EndGlobalSection
	GlobalSection(ProjectConfigurationPlatforms) = postSolution
		{4A468284-846A-4E1A-96A4-67250156F375}.Ad-Hoc|Any CPU.ActiveCfg = Release|Any CPU
		{4A468284-846A-4E1A-96A4-67250156F375}.Ad-Hoc|Any CPU.Build.0 = Release|Any CPU
		{4A468284-846A-4E1A-96A4-67250156F375}.Ad-Hoc|Any CPU.Deploy.0 = Release|Any CPU
		{4A468284-846A-4E1A-96A4-67250156F375}.Ad-Hoc|iPhone.ActiveCfg = Release|Any CPU
		{4A468284-846A-4E1A-96A4-67250156F375}.Ad-Hoc|iPhone.Build.0 = Release|Any CPU
		{4A468284-846A-4E1A-96A4-67250156F375}.Ad-Hoc|iPhone.Deploy.0 = Release|Any CPU
		{4A468284-846A-4E1A-96A4-67250156F375}.Ad-Hoc|iPhoneSimulator.ActiveCfg = Release|Any CPU
		{4A468284-846A-4E1A-96A4-67250156F375}.Ad-Hoc|iPhoneSimulator.Build.0 = Release|Any CPU
		{4A468284-846A-4E1A-96A4-67250156F375}.Ad-Hoc|iPhoneSimulator.Deploy.0 = Release|Any CPU
		{4A468284-846A-4E1A-96A4-67250156F375}.AppStore|Any CPU.ActiveCfg = Release|Any CPU
		{4A468284-846A-4E1A-96A4-67250156F375}.AppStore|Any CPU.Build.0 = Release|Any CPU
		{4A468284-846A-4E1A-96A4-67250156F375}.AppStore|Any CPU.Deploy.0 = Release|Any CPU
		{4A468284-846A-4E1A-96A4-67250156F375}.AppStore|iPhone.ActiveCfg = Release|Any CPU
		{4A468284-846A-4E1A-96A4-67250156F375}.AppStore|iPhone.Build.0 = Release|Any CPU
		{4A468284-846A-4E1A-96A4-67250156F375}.AppStore|iPhone.Deploy.0 = Release|Any CPU
		{4A468284-846A-4E1A-96A4-67250156F375}.AppStore|iPhoneSimulator.ActiveCfg = Release|Any CPU
		{4A468284-846A-4E1A-96A4-67250156F375}.AppStore|iPhoneSimulator.Build.0 = Release|Any CPU
		{4A468284-846A-4E1A-96A4-67250156F375}.AppStore|iPhoneSimulator.Deploy.0 = Release|Any CPU
		{4A468284-846A-4E1A-96A4-67250156F375}.Debug|Any CPU.ActiveCfg = Debug|Any CPU
		{4A468284-846A-4E1A-96A4-67250156F375}.Debug|Any CPU.Build.0 = Debug|Any CPU
		{4A468284-846A-4E1A-96A4-67250156F375}.Debug|Any CPU.Deploy.0 = Debug|Any CPU
		{4A468284-846A-4E1A-96A4-67250156F375}.Debug|iPhone.ActiveCfg = Debug|Any CPU
		{4A468284-846A-4E1A-96A4-67250156F375}.Debug|iPhone.Build.0 = Debug|Any CPU
		{4A468284-846A-4E1A-96A4-67250156F375}.Debug|iPhone.Deploy.0 = Debug|Any CPU
		{4A468284-846A-4E1A-96A4-67250156F375}.Debug|iPhoneSimulator.ActiveCfg = Debug|Any CPU
		{4A468284-846A-4E1A-96A4-67250156F375}.Debug|iPhoneSimulator.Build.0 = Debug|Any CPU
		{4A468284-846A-4E1A-96A4-67250156F375}.Debug|iPhoneSimulator.Deploy.0 = Debug|Any CPU
		{4A468284-846A-4E1A-96A4-67250156F375}.Release|Any CPU.ActiveCfg = Release|Any CPU
		{4A468284-846A-4E1A-96A4-67250156F375}.Release|Any CPU.Build.0 = Release|Any CPU
		{4A468284-846A-4E1A-96A4-67250156F375}.Release|Any CPU.Deploy.0 = Release|Any CPU
		{4A468284-846A-4E1A-96A4-67250156F375}.Release|iPhone.ActiveCfg = Release|Any CPU
		{4A468284-846A-4E1A-96A4-67250156F375}.Release|iPhone.Build.0 = Release|Any CPU
		{4A468284-846A-4E1A-96A4-67250156F375}.Release|iPhone.Deploy.0 = Release|Any CPU
		{4A468284-846A-4E1A-96A4-67250156F375}.Release|iPhoneSimulator.ActiveCfg = Release|Any CPU
		{4A468284-846A-4E1A-96A4-67250156F375}.Release|iPhoneSimulator.Build.0 = Release|Any CPU
		{4A468284-846A-4E1A-96A4-67250156F375}.Release|iPhoneSimulator.Deploy.0 = Release|Any CPU
		{245224DF-D113-4E29-8B42-451172B8CEB7}.Ad-Hoc|Any CPU.ActiveCfg = Release|Any CPU
		{245224DF-D113-4E29-8B42-451172B8CEB7}.Ad-Hoc|Any CPU.Build.0 = Release|Any CPU
		{245224DF-D113-4E29-8B42-451172B8CEB7}.Ad-Hoc|iPhone.ActiveCfg = Release|Any CPU
		{245224DF-D113-4E29-8B42-451172B8CEB7}.Ad-Hoc|iPhone.Build.0 = Release|Any CPU
		{245224DF-D113-4E29-8B42-451172B8CEB7}.Ad-Hoc|iPhoneSimulator.ActiveCfg = Release|Any CPU
		{245224DF-D113-4E29-8B42-451172B8CEB7}.Ad-Hoc|iPhoneSimulator.Build.0 = Release|Any CPU
		{245224DF-D113-4E29-8B42-451172B8CEB7}.AppStore|Any CPU.ActiveCfg = Release|Any CPU
		{245224DF-D113-4E29-8B42-451172B8CEB7}.AppStore|Any CPU.Build.0 = Release|Any CPU
		{245224DF-D113-4E29-8B42-451172B8CEB7}.AppStore|iPhone.ActiveCfg = Release|Any CPU
		{245224DF-D113-4E29-8B42-451172B8CEB7}.AppStore|iPhone.Build.0 = Release|Any CPU
		{245224DF-D113-4E29-8B42-451172B8CEB7}.AppStore|iPhoneSimulator.ActiveCfg = Release|Any CPU
		{245224DF-D113-4E29-8B42-451172B8CEB7}.AppStore|iPhoneSimulator.Build.0 = Release|Any CPU
		{245224DF-D113-4E29-8B42-451172B8CEB7}.Debug|Any CPU.ActiveCfg = Debug|Any CPU
		{245224DF-D113-4E29-8B42-451172B8CEB7}.Debug|Any CPU.Build.0 = Debug|Any CPU
		{245224DF-D113-4E29-8B42-451172B8CEB7}.Debug|iPhone.ActiveCfg = Debug|Any CPU
		{245224DF-D113-4E29-8B42-451172B8CEB7}.Debug|iPhone.Build.0 = Debug|Any CPU
		{245224DF-D113-4E29-8B42-451172B8CEB7}.Debug|iPhoneSimulator.ActiveCfg = Debug|Any CPU
		{245224DF-D113-4E29-8B42-451172B8CEB7}.Debug|iPhoneSimulator.Build.0 = Debug|Any CPU
		{245224DF-D113-4E29-8B42-451172B8CEB7}.Release|Any CPU.ActiveCfg = Release|Any CPU
		{245224DF-D113-4E29-8B42-451172B8CEB7}.Release|Any CPU.Build.0 = Release|Any CPU
		{245224DF-D113-4E29-8B42-451172B8CEB7}.Release|iPhone.ActiveCfg = Release|Any CPU
		{245224DF-D113-4E29-8B42-451172B8CEB7}.Release|iPhone.Build.0 = Release|Any CPU
		{245224DF-D113-4E29-8B42-451172B8CEB7}.Release|iPhoneSimulator.ActiveCfg = Release|Any CPU
		{245224DF-D113-4E29-8B42-451172B8CEB7}.Release|iPhoneSimulator.Build.0 = Release|Any CPU
		{F2445EEC-18B0-4349-8A77-CC7DDD726120}.Ad-Hoc|Any CPU.ActiveCfg = Ad-Hoc|iPhone
		{F2445EEC-18B0-4349-8A77-CC7DDD726120}.Ad-Hoc|iPhone.ActiveCfg = Ad-Hoc|iPhone
		{F2445EEC-18B0-4349-8A77-CC7DDD726120}.Ad-Hoc|iPhone.Build.0 = Ad-Hoc|iPhone
		{F2445EEC-18B0-4349-8A77-CC7DDD726120}.Ad-Hoc|iPhoneSimulator.ActiveCfg = Ad-Hoc|iPhoneSimulator
		{F2445EEC-18B0-4349-8A77-CC7DDD726120}.Ad-Hoc|iPhoneSimulator.Build.0 = Ad-Hoc|iPhoneSimulator
		{F2445EEC-18B0-4349-8A77-CC7DDD726120}.AppStore|Any CPU.ActiveCfg = AppStore|iPhone
		{F2445EEC-18B0-4349-8A77-CC7DDD726120}.AppStore|iPhone.ActiveCfg = AppStore|iPhone
		{F2445EEC-18B0-4349-8A77-CC7DDD726120}.AppStore|iPhone.Build.0 = AppStore|iPhone
		{F2445EEC-18B0-4349-8A77-CC7DDD726120}.AppStore|iPhoneSimulator.ActiveCfg = AppStore|iPhoneSimulator
		{F2445EEC-18B0-4349-8A77-CC7DDD726120}.AppStore|iPhoneSimulator.Build.0 = AppStore|iPhoneSimulator
		{F2445EEC-18B0-4349-8A77-CC7DDD726120}.Debug|Any CPU.ActiveCfg = Debug|iPhone
		{F2445EEC-18B0-4349-8A77-CC7DDD726120}.Debug|iPhone.ActiveCfg = Debug|iPhone
		{F2445EEC-18B0-4349-8A77-CC7DDD726120}.Debug|iPhone.Build.0 = Debug|iPhone
		{F2445EEC-18B0-4349-8A77-CC7DDD726120}.Debug|iPhoneSimulator.ActiveCfg = Debug|iPhoneSimulator
		{F2445EEC-18B0-4349-8A77-CC7DDD726120}.Debug|iPhoneSimulator.Build.0 = Debug|iPhoneSimulator
		{F2445EEC-18B0-4349-8A77-CC7DDD726120}.Release|Any CPU.ActiveCfg = Release|iPhone
		{F2445EEC-18B0-4349-8A77-CC7DDD726120}.Release|iPhone.ActiveCfg = Release|iPhone
		{F2445EEC-18B0-4349-8A77-CC7DDD726120}.Release|iPhone.Build.0 = Release|iPhone
		{F2445EEC-18B0-4349-8A77-CC7DDD726120}.Release|iPhoneSimulator.ActiveCfg = Release|iPhoneSimulator
		{F2445EEC-18B0-4349-8A77-CC7DDD726120}.Release|iPhoneSimulator.Build.0 = Release|iPhoneSimulator
	EndGlobalSection
	GlobalSection(SolutionProperties) = preSolution
		HideSolutionNode = FALSE
	EndGlobalSection
EndGlobal
